
Microsoft Visual Studio Solution File, Format Version 12.00
# Visual Studio Version 16
VisualStudioVersion = 16.0.33927.289
MinimumVisualStudioVersion = 10.0.40219.1
Project("{FAE04EC0-301F-11D3-BF4B-00C04F79EFBC}") = "DangTrungHieu.SachOnline", "DangTrungHieu.SachOnline\DangTrungHieu.SachOnline.csproj", "{132EF78F-F5B2-4190-B84B-CA7BC146D76E}"
EndProject
Global
	GlobalSection(SolutionConfigurationPlatforms) = preSolution
		Debug|Any CPU = Debug|Any CPU
		Release|Any CPU = Release|Any CPU
	EndGlobalSection
	GlobalSection(ProjectConfigurationPlatforms) = postSolution
		{132EF78F-F5B2-4190-B84B-CA7BC146D76E}.Debug|Any CPU.ActiveCfg = Debug|Any CPU
		{132EF78F-F5B2-4190-B84B-CA7BC146D76E}.Debug|Any CPU.Build.0 = Debug|Any CPU
		{132EF78F-F5B2-4190-B84B-CA7BC146D76E}.Release|Any CPU.ActiveCfg = Release|Any CPU
		{132EF78F-F5B2-4190-B84B-CA7BC146D76E}.Release|Any CPU.Build.0 = Release|Any CPU
	EndGlobalSection
	GlobalSection(SolutionProperties) = preSolution
		HideSolutionNode = FALSE
	EndGlobalSection
	GlobalSection(ExtensibilityGlobals) = postSolution
		SolutionGuid = {971F5D3A-C7A7-456C-BFE1-FB47FBCAE1E2}
	EndGlobalSection
EndGlobal
